
Microsoft Visual Studio Solution File, Format Version 12.00
# Visual Studio Version 16
VisualStudioVersion = 16.0.31313.79
MinimumVisualStudioVersion = 10.0.40219.1
Project("{FAE04EC0-301F-11D3-BF4B-00C04F79EFBC}") = "BuiltCode.Domain", "BuiltCode.Domain\BuiltCode.Domain.csproj", "{CF68814C-715A-4140-BDE2-761B7CA191DC}"
EndProject
Project("{FAE04EC0-301F-11D3-BF4B-00C04F79EFBC}") = "BuiltCode.API", "BuiltCode.API\BuiltCode.API.csproj", "{23A880BD-E17E-4943-BB8F-57FCBE375B30}"
EndProject
Project("{FAE04EC0-301F-11D3-BF4B-00C04F79EFBC}") = "BuiltCode.Infrastructure", "BuiltCode.Infrastructure\BuiltCode.Infrastructure.csproj", "{0D3AA934-C417-4653-BB83-C59114D5B8EE}"
EndProject
Global
	GlobalSection(SolutionConfigurationPlatforms) = preSolution
		Debug|Any CPU = Debug|Any CPU
		Release|Any CPU = Release|Any CPU
	EndGlobalSection
	GlobalSection(ProjectConfigurationPlatforms) = postSolution
		{CF68814C-715A-4140-BDE2-761B7CA191DC}.Debug|Any CPU.ActiveCfg = Debug|Any CPU
		{CF68814C-715A-4140-BDE2-761B7CA191DC}.Debug|Any CPU.Build.0 = Debug|Any CPU
		{CF68814C-715A-4140-BDE2-761B7CA191DC}.Release|Any CPU.ActiveCfg = Release|Any CPU
		{CF68814C-715A-4140-BDE2-761B7CA191DC}.Release|Any CPU.Build.0 = Release|Any CPU
		{23A880BD-E17E-4943-BB8F-57FCBE375B30}.Debug|Any CPU.ActiveCfg = Debug|Any CPU
		{23A880BD-E17E-4943-BB8F-57FCBE375B30}.Debug|Any CPU.Build.0 = Debug|Any CPU
		{23A880BD-E17E-4943-BB8F-57FCBE375B30}.Release|Any CPU.ActiveCfg = Release|Any CPU
		{23A880BD-E17E-4943-BB8F-57FCBE375B30}.Release|Any CPU.Build.0 = Release|Any CPU
		{0D3AA934-C417-4653-BB83-C59114D5B8EE}.Debug|Any CPU.ActiveCfg = Debug|Any CPU
		{0D3AA934-C417-4653-BB83-C59114D5B8EE}.Debug|Any CPU.Build.0 = Debug|Any CPU
		{0D3AA934-C417-4653-BB83-C59114D5B8EE}.Release|Any CPU.ActiveCfg = Release|Any CPU
		{0D3AA934-C417-4653-BB83-C59114D5B8EE}.Release|Any CPU.Build.0 = Release|Any CPU
	EndGlobalSection
	GlobalSection(SolutionProperties) = preSolution
		HideSolutionNode = FALSE
	EndGlobalSection
	GlobalSection(ExtensibilityGlobals) = postSolution
		SolutionGuid = {DECE6B8F-F8E9-47D5-B745-42BB281F7BA1}
	EndGlobalSection
EndGlobal
